<?xml version="1.0" encoding="utf-8"?>
<Project ToolsVersion="4.0" xmlns="http://schemas.microsoft.com/developer/msbuild/2003">
  <ItemGroup>
    <ClInclude Include="$(MSBuildThisFileDirectory)ObjectGenerator.h">
      <Filter>Header</Filter>
    </ClInclude>
    <ClInclude Include="$(MSBuildThisFileDirectory)PerformanceTool.h">
      <Filter>Header</Filter>
    </ClInclude>
    <ClInclude Include="$(MSBuildThisFileDirectory)PerlinNoise.h">
      <Filter>Header</Filter>
    </ClInclude>
    <ClInclude Include="$(MSBuildThisFileDirectory)RandomWalk.h">
      <Filter>Header</Filter>
    </ClInclude>
    <ClInclude Include="$(MSBuildThisFileDirectory)TextureCalculator.h">
      <Filter>Header</Filter>
    </ClInclude>
    <ClInclude Include="$(MSBuildThisFileDirectory)ObjectMarker.h">
      <Filter>Header</Filter>
    </ClInclude>
    <ClInclude Include="$(MSBuildThisFileDirectory)Water.h">
      <Filter>Header</Filter>
    </ClInclude>
    <ClInclude Include="$(MSBuildThisFileDirectory)Terrain.h">
      <Filter>Header</Filter>
    </ClInclude>
    <ClInclude Include="$(MSBuildThisFileDirectory)Vector3.h">
      <Filter>Header</Filter>
    </ClInclude>
  </ItemGroup>
  <ItemGroup>
    <Filter Include="Header">
      <UniqueIdentifier>{8b96a81e-d299-45b8-874f-51a01a2dc7e4}</UniqueIdentifier>
    </Filter>
    <Filter Include="Source">
      <UniqueIdentifier>{b4d5eebd-3868-4bb8-a8d1-90ddeede3f73}</UniqueIdentifier>
    </Filter>
  </ItemGroup>
  <ItemGroup>
    <ClCompile Include="$(MSBuildThisFileDirectory)ObjectGenerator.cpp">
      <Filter>Source</Filter>
    </ClCompile>
    <ClCompile Include="$(MSBuildThisFileDirectory)PerlinNoise.cpp">
      <Filter>Source</Filter>
    </ClCompile>
    <ClCompile Include="$(MSBuildThisFileDirectory)RandomWalk.cpp">
      <Filter>Source</Filter>
    </ClCompile>
    <ClCompile Include="$(MSBuildThisFileDirectory)TextureCalculator.cpp">
      <Filter>Source</Filter>
    </ClCompile>
    <ClCompile Include="$(MSBuildThisFileDirectory)ObjectMarker.cpp">
      <Filter>Source</Filter>
    </ClCompile>
    <ClCompile Include="$(MSBuildThisFileDirectory)Water.cpp">
      <Filter>Source</Filter>
    </ClCompile>
    <ClCompile Include="$(MSBuildThisFileDirectory)Terrain.cpp">
      <Filter>Source</Filter>
    </ClCompile>
    <ClCompile Include="$(MSBuildThisFileDirectory)Vector3.cpp">
      <Filter>Source</Filter>
    </ClCompile>
  </ItemGroup>
</Project>